
Microsoft Visual Studio Solution File, Format Version 12.00
# Visual Studio 15
VisualStudioVersion = 15.0.28307.902
MinimumVisualStudioVersion = 10.0.40219.1
Project("{9A19103F-16F7-4668-BE54-9A1E7A4F7556}") = "CA.Blocks.DataAccess", "CA.Blocks.DataAccess\CA.Blocks.DataAccess.csproj", "{253679BA-1267-4025-8868-258C6B6B2F3E}"
EndProject
Project("{9A19103F-16F7-4668-BE54-9A1E7A4F7556}") = "CA.CoreBlocks.DataAccess.Model", "CA.Blocks.DataAccess.Model\CA.CoreBlocks.DataAccess.Model.csproj", "{ACFF88D3-756B-4352-9EC4-8D47F5D03F19}"
EndProject
Project("{9A19103F-16F7-4668-BE54-9A1E7A4F7556}") = "CA.Blocks.SQLServerDataAccess", "CA.Blocks.SQLServerDataAccess\CA.Blocks.SQLServerDataAccess.csproj", "{7B51CB0E-C68B-475A-82D4-86E32B4BD705}"
EndProject
Project("{9A19103F-16F7-4668-BE54-9A1E7A4F7556}") = "CA.Blocks.SQLServerDataAccessUnitTests", "CA.Blocks.SQLServerDataAccessUnitTests\CA.Blocks.SQLServerDataAccessUnitTests.csproj", "{39206009-8BAA-47AA-B437-8A5DE96C2D1A}"
EndProject
Project("{2150E333-8FDC-42A3-9474-1A3956D46DE8}") = "Solution Items", "Solution Items", "{41511523-16D7-470B-8C26-D1187FEEDF8A}"
	ProjectSection(SolutionItems) = preProject
		azure-pipelines.yml = azure-pipelines.yml
	EndProjectSection
EndProject
Global
	GlobalSection(SolutionConfigurationPlatforms) = preSolution
		Debug|Any CPU = Debug|Any CPU
		Release|Any CPU = Release|Any CPU
	EndGlobalSection
	GlobalSection(ProjectConfigurationPlatforms) = postSolution
		{253679BA-1267-4025-8868-258C6B6B2F3E}.Debug|Any CPU.ActiveCfg = Debug|Any CPU
		{253679BA-1267-4025-8868-258C6B6B2F3E}.Debug|Any CPU.Build.0 = Debug|Any CPU
		{253679BA-1267-4025-8868-258C6B6B2F3E}.Release|Any CPU.ActiveCfg = Release|Any CPU
		{253679BA-1267-4025-8868-258C6B6B2F3E}.Release|Any CPU.Build.0 = Release|Any CPU
		{ACFF88D3-756B-4352-9EC4-8D47F5D03F19}.Debug|Any CPU.ActiveCfg = Debug|Any CPU
		{ACFF88D3-756B-4352-9EC4-8D47F5D03F19}.Debug|Any CPU.Build.0 = Debug|Any CPU
		{ACFF88D3-756B-4352-9EC4-8D47F5D03F19}.Release|Any CPU.ActiveCfg = Release|Any CPU
		{ACFF88D3-756B-4352-9EC4-8D47F5D03F19}.Release|Any CPU.Build.0 = Release|Any CPU
		{7B51CB0E-C68B-475A-82D4-86E32B4BD705}.Debug|Any CPU.ActiveCfg = Debug|Any CPU
		{7B51CB0E-C68B-475A-82D4-86E32B4BD705}.Debug|Any CPU.Build.0 = Debug|Any CPU
		{7B51CB0E-C68B-475A-82D4-86E32B4BD705}.Release|Any CPU.ActiveCfg = Release|Any CPU
		{7B51CB0E-C68B-475A-82D4-86E32B4BD705}.Release|Any CPU.Build.0 = Release|Any CPU
		{39206009-8BAA-47AA-B437-8A5DE96C2D1A}.Debug|Any CPU.ActiveCfg = Debug|Any CPU
		{39206009-8BAA-47AA-B437-8A5DE96C2D1A}.Debug|Any CPU.Build.0 = Debug|Any CPU
		{39206009-8BAA-47AA-B437-8A5DE96C2D1A}.Release|Any CPU.ActiveCfg = Release|Any CPU
		{39206009-8BAA-47AA-B437-8A5DE96C2D1A}.Release|Any CPU.Build.0 = Release|Any CPU
	EndGlobalSection
	GlobalSection(SolutionProperties) = preSolution
		HideSolutionNode = FALSE
	EndGlobalSection
	GlobalSection(ExtensibilityGlobals) = postSolution
		SolutionGuid = {6E16F5B6-9054-41B9-B3F2-56670F85B762}
	EndGlobalSection
EndGlobal
