
Microsoft Visual Studio Solution File, Format Version 12.00
# Visual Studio Version 17
VisualStudioVersion = 17.2.32630.192
MinimumVisualStudioVersion = 10.0.40219.1
Project("{9A19103F-16F7-4668-BE54-9A1E7A4F7556}") = "CA.Blocks.DataAccess", "CA.Blocks.DataAccess\CA.Blocks.DataAccess.csproj", "{253679BA-1267-4025-8868-258C6B6B2F3E}"
EndProject
Project("{9A19103F-16F7-4668-BE54-9A1E7A4F7556}") = "CA.Blocks.DataAccess.Model", "CA.Blocks.DataAccess.Model\CA.Blocks.DataAccess.Model.csproj", "{ACFF88D3-756B-4352-9EC4-8D47F5D03F19}"
EndProject
Project("{9A19103F-16F7-4668-BE54-9A1E7A4F7556}") = "CA.Blocks.SQLServerDataAccess", "CA.Blocks.SQLServerDataAccess\CA.Blocks.SQLServerDataAccess.csproj", "{7B51CB0E-C68B-475A-82D4-86E32B4BD705}"
EndProject
Project("{9A19103F-16F7-4668-BE54-9A1E7A4F7556}") = "CA.Blocks.SQLServerDataAccessUnitTests", "CA.Blocks.SQLServerDataAccessUnitTests\CA.Blocks.SQLServerDataAccessUnitTests.csproj", "{39206009-8BAA-47AA-B437-8A5DE96C2D1A}"
EndProject
Project("{2150E333-8FDC-42A3-9474-1A3956D46DE8}") = "Solution Items", "Solution Items", "{41511523-16D7-470B-8C26-D1187FEEDF8A}"
	ProjectSection(SolutionItems) = preProject
		azure-pipelines.yml = azure-pipelines.yml
		readme.md = readme.md
	EndProjectSection
EndProject
Project("{9A19103F-16F7-4668-BE54-9A1E7A4F7556}") = "CA.Blocks.MySQLDataAccess", "CA.Blocks.MySQLDataAccess\CA.Blocks.MySQLDataAccess.csproj", "{A0F2F1C3-9FA1-4474-B306-C0B23B17F2A3}"
EndProject
Project("{9A19103F-16F7-4668-BE54-9A1E7A4F7556}") = "CA.Blocks.MySQLDataAccessUnitTests", "CA.Blocks.MySQLDataAccessUnitTests\CA.Blocks.MySQLDataAccessUnitTests.csproj", "{184A07D6-ABA2-46C2-AB31-258DD3C851C4}"
EndProject
Project("{9A19103F-16F7-4668-BE54-9A1E7A4F7556}") = "CA.Blocks.SQLServerDataAccessBenchmarks", "CA.Blocks.SQLServerDataAccessBenchmarks\CA.Blocks.SQLServerDataAccessBenchmarks.csproj", "{8DBD791A-4F27-4B24-9B51-E588AEBF6695}"
EndProject
Project("{9A19103F-16F7-4668-BE54-9A1E7A4F7556}") = "CA.Blocks.DataAccessUnitTests", "CA.Blocks.DataAccessUnitTests\CA.Blocks.DataAccessUnitTests.csproj", "{FBF58E04-1D55-48C6-8A31-F9D6D243A299}"
EndProject
Project("{9A19103F-16F7-4668-BE54-9A1E7A4F7556}") = "CA.Blocks.SqliteDataAccess", "CA.Blocks.SqliteDataAccess\CA.Blocks.SqliteDataAccess.csproj", "{DDB9B362-9558-47DA-8FFD-A0803CA650C7}"
EndProject
Project("{9A19103F-16F7-4668-BE54-9A1E7A4F7556}") = "CA.Blocks.SqliteDataAccessUnitTests", "CA.Blocks.SqliteDataAccessUnitTests\CA.Blocks.SqliteDataAccessUnitTests.csproj", "{CF01A7DE-DB6A-4F4C-8BBD-478A13DA827B}"
EndProject
Project("{9A19103F-16F7-4668-BE54-9A1E7A4F7556}") = "CA.Blocks.DataAccessTestDataForUnitTests", "CA.Blocks.DataAccessTestDataForUnitTests\CA.Blocks.DataAccessTestDataForUnitTests.csproj", "{6D48FEC2-E9D9-480E-A757-FAE496C31B83}"
EndProject
Project("{9A19103F-16F7-4668-BE54-9A1E7A4F7556}") = "CA.Blocks.DataAccess.Extensions.Translators.Json", "CA.Blocks.DataAccess.Extensions.Translators.Json\CA.Blocks.DataAccess.Extensions.Translators.Json.csproj", "{617B63CC-4ED3-4FF0-AFDA-209632A0012C}"
EndProject
Project("{9A19103F-16F7-4668-BE54-9A1E7A4F7556}") = "CA.Blocks.DataAccess.Extensions.Config.Json", "CA.Blocks.DataAccess.Extensions.Config.Json\CA.Blocks.DataAccess.Extensions.Config.Json.csproj", "{138E155D-7B2F-4A54-9360-F6CB726731E4}"
EndProject
Project("{FAE04EC0-301F-11D3-BF4B-00C04F79EFBC}") = "CA.Blocks.DataAccess.Extensions.Translators.JsonTests", "CA.Blocks.DataAccess.Extensions.Translators.JsonTests\CA.Blocks.DataAccess.Extensions.Translators.JsonTests.csproj", "{E5AE4E26-F985-4305-BFE1-551537333678}"
EndProject
Project("{FAE04EC0-301F-11D3-BF4B-00C04F79EFBC}") = "CA.Blocks.DataAccess.Extensions.Config.JsonTests", "CA.Blocks.DataAccess.Extensions.Config.JsonTests\CA.Blocks.DataAccess.Extensions.Config.JsonTests.csproj", "{D3660828-DBB6-4ED4-92B5-84B4738DF056}"
EndProject
Global
	GlobalSection(SolutionConfigurationPlatforms) = preSolution
		Debug|Any CPU = Debug|Any CPU
		Release|Any CPU = Release|Any CPU
	EndGlobalSection
	GlobalSection(ProjectConfigurationPlatforms) = postSolution
		{253679BA-1267-4025-8868-258C6B6B2F3E}.Debug|Any CPU.ActiveCfg = Debug|Any CPU
		{253679BA-1267-4025-8868-258C6B6B2F3E}.Debug|Any CPU.Build.0 = Debug|Any CPU
		{253679BA-1267-4025-8868-258C6B6B2F3E}.Release|Any CPU.ActiveCfg = Release|Any CPU
		{253679BA-1267-4025-8868-258C6B6B2F3E}.Release|Any CPU.Build.0 = Release|Any CPU
		{ACFF88D3-756B-4352-9EC4-8D47F5D03F19}.Debug|Any CPU.ActiveCfg = Debug|Any CPU
		{ACFF88D3-756B-4352-9EC4-8D47F5D03F19}.Debug|Any CPU.Build.0 = Debug|Any CPU
		{ACFF88D3-756B-4352-9EC4-8D47F5D03F19}.Release|Any CPU.ActiveCfg = Release|Any CPU
		{ACFF88D3-756B-4352-9EC4-8D47F5D03F19}.Release|Any CPU.Build.0 = Release|Any CPU
		{7B51CB0E-C68B-475A-82D4-86E32B4BD705}.Debug|Any CPU.ActiveCfg = Debug|Any CPU
		{7B51CB0E-C68B-475A-82D4-86E32B4BD705}.Debug|Any CPU.Build.0 = Debug|Any CPU
		{7B51CB0E-C68B-475A-82D4-86E32B4BD705}.Release|Any CPU.ActiveCfg = Release|Any CPU
		{7B51CB0E-C68B-475A-82D4-86E32B4BD705}.Release|Any CPU.Build.0 = Release|Any CPU
		{39206009-8BAA-47AA-B437-8A5DE96C2D1A}.Debug|Any CPU.ActiveCfg = Debug|Any CPU
		{39206009-8BAA-47AA-B437-8A5DE96C2D1A}.Debug|Any CPU.Build.0 = Debug|Any CPU
		{39206009-8BAA-47AA-B437-8A5DE96C2D1A}.Release|Any CPU.ActiveCfg = Release|Any CPU
		{39206009-8BAA-47AA-B437-8A5DE96C2D1A}.Release|Any CPU.Build.0 = Release|Any CPU
		{A0F2F1C3-9FA1-4474-B306-C0B23B17F2A3}.Debug|Any CPU.ActiveCfg = Debug|Any CPU
		{A0F2F1C3-9FA1-4474-B306-C0B23B17F2A3}.Debug|Any CPU.Build.0 = Debug|Any CPU
		{A0F2F1C3-9FA1-4474-B306-C0B23B17F2A3}.Release|Any CPU.ActiveCfg = Release|Any CPU
		{A0F2F1C3-9FA1-4474-B306-C0B23B17F2A3}.Release|Any CPU.Build.0 = Release|Any CPU
		{184A07D6-ABA2-46C2-AB31-258DD3C851C4}.Debug|Any CPU.ActiveCfg = Debug|Any CPU
		{184A07D6-ABA2-46C2-AB31-258DD3C851C4}.Debug|Any CPU.Build.0 = Debug|Any CPU
		{184A07D6-ABA2-46C2-AB31-258DD3C851C4}.Release|Any CPU.ActiveCfg = Release|Any CPU
		{184A07D6-ABA2-46C2-AB31-258DD3C851C4}.Release|Any CPU.Build.0 = Release|Any CPU
		{8DBD791A-4F27-4B24-9B51-E588AEBF6695}.Debug|Any CPU.ActiveCfg = Debug|Any CPU
		{8DBD791A-4F27-4B24-9B51-E588AEBF6695}.Debug|Any CPU.Build.0 = Debug|Any CPU
		{8DBD791A-4F27-4B24-9B51-E588AEBF6695}.Release|Any CPU.ActiveCfg = Release|Any CPU
		{8DBD791A-4F27-4B24-9B51-E588AEBF6695}.Release|Any CPU.Build.0 = Release|Any CPU
		{FBF58E04-1D55-48C6-8A31-F9D6D243A299}.Debug|Any CPU.ActiveCfg = Debug|Any CPU
		{FBF58E04-1D55-48C6-8A31-F9D6D243A299}.Debug|Any CPU.Build.0 = Debug|Any CPU
		{FBF58E04-1D55-48C6-8A31-F9D6D243A299}.Release|Any CPU.ActiveCfg = Release|Any CPU
		{FBF58E04-1D55-48C6-8A31-F9D6D243A299}.Release|Any CPU.Build.0 = Release|Any CPU
		{DDB9B362-9558-47DA-8FFD-A0803CA650C7}.Debug|Any CPU.ActiveCfg = Debug|Any CPU
		{DDB9B362-9558-47DA-8FFD-A0803CA650C7}.Debug|Any CPU.Build.0 = Debug|Any CPU
		{DDB9B362-9558-47DA-8FFD-A0803CA650C7}.Release|Any CPU.ActiveCfg = Release|Any CPU
		{DDB9B362-9558-47DA-8FFD-A0803CA650C7}.Release|Any CPU.Build.0 = Release|Any CPU
		{CF01A7DE-DB6A-4F4C-8BBD-478A13DA827B}.Debug|Any CPU.ActiveCfg = Debug|Any CPU
		{CF01A7DE-DB6A-4F4C-8BBD-478A13DA827B}.Debug|Any CPU.Build.0 = Debug|Any CPU
		{CF01A7DE-DB6A-4F4C-8BBD-478A13DA827B}.Release|Any CPU.ActiveCfg = Release|Any CPU
		{CF01A7DE-DB6A-4F4C-8BBD-478A13DA827B}.Release|Any CPU.Build.0 = Release|Any CPU
		{6D48FEC2-E9D9-480E-A757-FAE496C31B83}.Debug|Any CPU.ActiveCfg = Debug|Any CPU
		{6D48FEC2-E9D9-480E-A757-FAE496C31B83}.Debug|Any CPU.Build.0 = Debug|Any CPU
		{6D48FEC2-E9D9-480E-A757-FAE496C31B83}.Release|Any CPU.ActiveCfg = Release|Any CPU
		{6D48FEC2-E9D9-480E-A757-FAE496C31B83}.Release|Any CPU.Build.0 = Release|Any CPU
		{617B63CC-4ED3-4FF0-AFDA-209632A0012C}.Debug|Any CPU.ActiveCfg = Debug|Any CPU
		{617B63CC-4ED3-4FF0-AFDA-209632A0012C}.Debug|Any CPU.Build.0 = Debug|Any CPU
		{617B63CC-4ED3-4FF0-AFDA-209632A0012C}.Release|Any CPU.ActiveCfg = Release|Any CPU
		{617B63CC-4ED3-4FF0-AFDA-209632A0012C}.Release|Any CPU.Build.0 = Release|Any CPU
		{138E155D-7B2F-4A54-9360-F6CB726731E4}.Debug|Any CPU.ActiveCfg = Debug|Any CPU
		{138E155D-7B2F-4A54-9360-F6CB726731E4}.Debug|Any CPU.Build.0 = Debug|Any CPU
		{138E155D-7B2F-4A54-9360-F6CB726731E4}.Release|Any CPU.ActiveCfg = Release|Any CPU
		{138E155D-7B2F-4A54-9360-F6CB726731E4}.Release|Any CPU.Build.0 = Release|Any CPU
		{E5AE4E26-F985-4305-BFE1-551537333678}.Debug|Any CPU.ActiveCfg = Debug|Any CPU
		{E5AE4E26-F985-4305-BFE1-551537333678}.Debug|Any CPU.Build.0 = Debug|Any CPU
		{E5AE4E26-F985-4305-BFE1-551537333678}.Release|Any CPU.ActiveCfg = Release|Any CPU
		{E5AE4E26-F985-4305-BFE1-551537333678}.Release|Any CPU.Build.0 = Release|Any CPU
		{D3660828-DBB6-4ED4-92B5-84B4738DF056}.Debug|Any CPU.ActiveCfg = Debug|Any CPU
		{D3660828-DBB6-4ED4-92B5-84B4738DF056}.Debug|Any CPU.Build.0 = Debug|Any CPU
		{D3660828-DBB6-4ED4-92B5-84B4738DF056}.Release|Any CPU.ActiveCfg = Release|Any CPU
		{D3660828-DBB6-4ED4-92B5-84B4738DF056}.Release|Any CPU.Build.0 = Release|Any CPU
	EndGlobalSection
	GlobalSection(SolutionProperties) = preSolution
		HideSolutionNode = FALSE
	EndGlobalSection
	GlobalSection(ExtensibilityGlobals) = postSolution
		SolutionGuid = {6E16F5B6-9054-41B9-B3F2-56670F85B762}
	EndGlobalSection
EndGlobal
